// !$*UTF8*$!
{
	archiveVersion = 1;
	classes = {
	};
	objectVersion = 56;
	objects = {

/* Begin PBXBuildFile section */
		21B9DC6B2928EFDA00B91867 /* AppDelegate.swift in Sources */ = {isa = PBXBuildFile; fileRef = 21B9DC6A2928EFDA00B91867 /* AppDelegate.swift */; };
		21B9DC6D2928EFDA00B91867 /* SceneDelegate.swift in Sources */ = {isa = PBXBuildFile; fileRef = 21B9DC6C2928EFDA00B91867 /* SceneDelegate.swift */; };
		21B9DC6F2928EFDA00B91867 /* ViewController.swift in Sources */ = {isa = PBXBuildFile; fileRef = 21B9DC6E2928EFDA00B91867 /* ViewController.swift */; };
		21B9DC722928EFDA00B91867 /* Main.storyboard in Resources */ = {isa = PBXBuildFile; fileRef = 21B9DC702928EFDA00B91867 /* Main.storyboard */; };
		21B9DC742928EFDB00B91867 /* Assets.xcassets in Resources */ = {isa = PBXBuildFile; fileRef = 21B9DC732928EFDB00B91867 /* Assets.xcassets */; };
		21B9DC772928EFDB00B91867 /* LaunchScreen.storyboard in Resources */ = {isa = PBXBuildFile; fileRef = 21B9DC752928EFDB00B91867 /* LaunchScreen.storyboard */; };
		21B9DC822928EFDB00B91867 /* StringConversionDemoTests.swift in Sources */ = {isa = PBXBuildFile; fileRef = 21B9DC812928EFDB00B91867 /* StringConversionDemoTests.swift */; };
		21B9DC8C2928EFDB00B91867 /* StringConversionDemoUITests.swift in Sources */ = {isa = PBXBuildFile; fileRef = 21B9DC8B2928EFDB00B91867 /* StringConversionDemoUITests.swift */; };
		21B9DC8E2928EFDB00B91867 /* StringConversionDemoUITestsLaunchTests.swift in Sources */ = {isa = PBXBuildFile; fileRef = 21B9DC8D2928EFDB00B91867 /* StringConversionDemoUITestsLaunchTests.swift */; };
/* End PBXBuildFile section */

/* Begin PBXContainerItemProxy section */
		21B9DC7E2928EFDB00B91867 /* PBXContainerItemProxy */ = {
			isa = PBXContainerItemProxy;
			containerPortal = 21B9DC5F2928EFDA00B91867 /* Project object */;
			proxyType = 1;
			remoteGlobalIDString = 21B9DC662928EFDA00B91867;
			remoteInfo = StringConversionDemo;
		};
		21B9DC882928EFDB00B91867 /* PBXContainerItemProxy */ = {
			isa = PBXContainerItemProxy;
			containerPortal = 21B9DC5F2928EFDA00B91867 /* Project object */;
			proxyType = 1;
			remoteGlobalIDString = 21B9DC662928EFDA00B91867;
			remoteInfo = StringConversionDemo;
		};
/* End PBXContainerItemProxy section */

/* Begin PBXFileReference section */
		21B9DC672928EFDA00B91867 /* StringConversionDemo.app */ = {isa = PBXFileReference; explicitFileType = wrapper.application; includeInIndex = 0; path = StringConversionDemo.app; sourceTree = BUILT_PRODUCTS_DIR; };
		21B9DC6A2928EFDA00B91867 /* AppDelegate.swift */ = {isa = PBXFileReference; lastKnownFileType = sourcecode.swift; path = AppDelegate.swift; sourceTree = "<group>"; };
		21B9DC6C2928EFDA00B91867 /* SceneDelegate.swift */ = {isa = PBXFileReference; lastKnownFileType = sourcecode.swift; path = SceneDelegate.swift; sourceTree = "<group>"; };
		21B9DC6E2928EFDA00B91867 /* ViewController.swift */ = {isa = PBXFileReference; lastKnownFileType = sourcecode.swift; path = ViewController.swift; sourceTree = "<group>"; };
		21B9DC712928EFDA00B91867 /* Base */ = {isa = PBXFileReference; lastKnownFileType = file.storyboard; name = Base; path = Base.lproj/Main.storyboard; sourceTree = "<group>"; };
		21B9DC732928EFDB00B91867 /* Assets.xcassets */ = {isa = PBXFileReference; lastKnownFileType = folder.assetcatalog; path = Assets.xcassets; sourceTree = "<group>"; };
		21B9DC762928EFDB00B91867 /* Base */ = {isa = PBXFileReference; lastKnownFileType = file.storyboard; name = Base; path = Base.lproj/LaunchScreen.storyboard; sourceTree = "<group>"; };
		21B9DC782928EFDB00B91867 /* Info.plist */ = {isa = PBXFileReference; lastKnownFileType = text.plist.xml; path = Info.plist; sourceTree = "<group>"; };
		21B9DC7D2928EFDB00B91867 /* StringConversionDemoTests.xctest */ = {isa = PBXFileReference; explicitFileType = wrapper.cfbundle; includeInIndex = 0; path = StringConversionDemoTests.xctest; sourceTree = BUILT_PRODUCTS_DIR; };
		21B9DC812928EFDB00B91867 /* StringConversionDemoTests.swift */ = {isa = PBXFileReference; lastKnownFileType = sourcecode.swift; path = StringConversionDemoTests.swift; sourceTree = "<group>"; };
		21B9DC872928EFDB00B91867 /* StringConversionDemoUITests.xctest */ = {isa = PBXFileReference; explicitFileType = wrapper.cfbundle; includeInIndex = 0; path = StringConversionDemoUITests.xctest; sourceTree = BUILT_PRODUCTS_DIR; };
		21B9DC8B2928EFDB00B91867 /* StringConversionDemoUITests.swift */ = {isa = PBXFileReference; lastKnownFileType = sourcecode.swift; path = StringConversionDemoUITests.swift; sourceTree = "<group>"; };
		21B9DC8D2928EFDB00B91867 /* StringConversionDemoUITestsLaunchTests.swift */ = {isa = PBXFileReference; lastKnownFileType = sourcecode.swift; path = StringConversionDemoUITestsLaunchTests.swift; sourceTree = "<group>"; };
/* End PBXFileReference section */

/* Begin PBXFrameworksBuildPhase section */
		21B9DC642928EFDA00B91867 /* Frameworks */ = {
			isa = PBXFrameworksBuildPhase;
			buildActionMask = 2147483647;
			files = (
			);
			runOnlyForDeploymentPostprocessing = 0;
		};
		21B9DC7A2928EFDB00B91867 /* Frameworks */ = {
			isa = PBXFrameworksBuildPhase;
			buildActionMask = 2147483647;
			files = (
			);
			runOnlyForDeploymentPostprocessing = 0;
		};
		21B9DC842928EFDB00B91867 /* Frameworks */ = {
			isa = PBXFrameworksBuildPhase;
			buildActionMask = 2147483647;
			files = (
			);
			runOnlyForDeploymentPostprocessing = 0;
		};
/* End PBXFrameworksBuildPhase section */

/* Begin PBXGroup section */
		21B9DC5E2928EFDA00B91867 = {
			isa = PBXGroup;
			children = (
				21B9DC692928EFDA00B91867 /* StringConversionDemo */,
				21B9DC802928EFDB00B91867 /* StringConversionDemoTests */,
				21B9DC8A2928EFDB00B91867 /* StringConversionDemoUITests */,
				21B9DC682928EFDA00B91867 /* Products */,
			);
			sourceTree = "<group>";
		};
		21B9DC682928EFDA00B91867 /* Products */ = {
			isa = PBXGroup;
			children = (
				21B9DC672928EFDA00B91867 /* StringConversionDemo.app */,
				21B9DC7D2928EFDB00B91867 /* StringConversionDemoTests.xctest */,
				21B9DC872928EFDB00B91867 /* StringConversionDemoUITests.xctest */,
			);
			name = Products;
			sourceTree = "<group>";
		};
		21B9DC692928EFDA00B91867 /* StringConversionDemo */ = {
			isa = PBXGroup;
			children = (
				21B9DC6A2928EFDA00B91867 /* AppDelegate.swift */,
				21B9DC6C2928EFDA00B91867 /* SceneDelegate.swift */,
				21B9DC6E2928EFDA00B91867 /* ViewController.swift */,
				21B9DC702928EFDA00B91867 /* Main.storyboard */,
				21B9DC732928EFDB00B91867 /* Assets.xcassets */,
				21B9DC752928EFDB00B91867 /* LaunchScreen.storyboard */,
				21B9DC782928EFDB00B91867 /* Info.plist */,
			);
			path = StringConversionDemo;
			sourceTree = "<group>";
		};
		21B9DC802928EFDB00B91867 /* StringConversionDemoTests */ = {
			isa = PBXGroup;
			children = (
				21B9DC812928EFDB00B91867 /* StringConversionDemoTests.swift */,
			);
			path = StringConversionDemoTests;
			sourceTree = "<group>";
		};
		21B9DC8A2928EFDB00B91867 /* StringConversionDemoUITests */ = {
			isa = PBXGroup;
			children = (
				21B9DC8B2928EFDB00B91867 /* StringConversionDemoUITests.swift */,
				21B9DC8D2928EFDB00B91867 /* StringConversionDemoUITestsLaunchTests.swift */,
			);
			path = StringConversionDemoUITests;
			sourceTree = "<group>";
		};
/* End PBXGroup section */

/* Begin PBXNativeTarget section */
		21B9DC662928EFDA00B91867 /* StringConversionDemo */ = {
			isa = PBXNativeTarget;
			buildConfigurationList = 21B9DC912928EFDB00B91867 /* Build configuration list for PBXNativeTarget "StringConversionDemo" */;
			buildPhases = (
				21B9DC632928EFDA00B91867 /* Sources */,
				21B9DC642928EFDA00B91867 /* Frameworks */,
				21B9DC652928EFDA00B91867 /* Resources */,
			);
			buildRules = (
			);
			dependencies = (
			);
			name = StringConversionDemo;
			productName = StringConversionDemo;
			productReference = 21B9DC672928EFDA00B91867 /* StringConversionDemo.app */;
			productType = "com.apple.product-type.application";
		};
		21B9DC7C2928EFDB00B91867 /* StringConversionDemoTests */ = {
			isa = PBXNativeTarget;
			buildConfigurationList = 21B9DC942928EFDB00B91867 /* Build configuration list for PBXNativeTarget "StringConversionDemoTests" */;
			buildPhases = (
				21B9DC792928EFDB00B91867 /* Sources */,
				21B9DC7A2928EFDB00B91867 /* Frameworks */,
				21B9DC7B2928EFDB00B91867 /* Resources */,
			);
			buildRules = (
			);
			dependencies = (
				21B9DC7F2928EFDB00B91867 /* PBXTargetDependency */,
			);
			name = StringConversionDemoTests;
			productName = StringConversionDemoTests;
			productReference = 21B9DC7D2928EFDB00B91867 /* StringConversionDemoTests.xctest */;
			productType = "com.apple.product-type.bundle.unit-test";
		};
		21B9DC862928EFDB00B91867 /* StringConversionDemoUITests */ = {
			isa = PBXNativeTarget;
			buildConfigurationList = 21B9DC972928EFDB00B91867 /* Build configuration list for PBXNativeTarget "StringConversionDemoUITests" */;
			buildPhases = (
				21B9DC832928EFDB00B91867 /* Sources */,
				21B9DC842928EFDB00B91867 /* Frameworks */,
				21B9DC852928EFDB00B91867 /* Resources */,
			);
			buildRules = (
			);
			dependencies = (
				21B9DC892928EFDB00B91867 /* PBXTargetDependency */,
			);
			name = StringConversionDemoUITests;
			productName = StringConversionDemoUITests;
			productReference = 21B9DC872928EFDB00B91867 /* StringConversionDemoUITests.xctest */;
			productType = "com.apple.product-type.bundle.ui-testing";
		};
/* End PBXNativeTarget section */

/* Begin PBXProject section */
		21B9DC5F2928EFDA00B91867 /* Project object */ = {
			isa = PBXProject;
			attributes = {
				BuildIndependentTargetsInParallel = 1;
				LastSwiftUpdateCheck = 1410;
				LastUpgradeCheck = 1410;
				TargetAttributes = {
					21B9DC662928EFDA00B91867 = {
						CreatedOnToolsVersion = 14.1;
					};
					21B9DC7C2928EFDB00B91867 = {
						CreatedOnToolsVersion = 14.1;
						TestTargetID = 21B9DC662928EFDA00B91867;
					};
					21B9DC862928EFDB00B91867 = {
						CreatedOnToolsVersion = 14.1;
						TestTargetID = 21B9DC662928EFDA00B91867;
					};
				};
			};
			buildConfigurationList = 21B9DC622928EFDA00B91867 /* Build configuration list for PBXProject "StringConversionDemo" */;
			compatibilityVersion = "Xcode 14.0";
			developmentRegion = en;
			hasScannedForEncodings = 0;
			knownRegions = (
				en,
				Base,
			);
			mainGroup = 21B9DC5E2928EFDA00B91867;
			productRefGroup = 21B9DC682928EFDA00B91867 /* Products */;
			projectDirPath = "";
			projectRoot = "";
			targets = (
				21B9DC662928EFDA00B91867 /* StringConversionDemo */,
				21B9DC7C2928EFDB00B91867 /* StringConversionDemoTests */,
				21B9DC862928EFDB00B91867 /* StringConversionDemoUITests */,
			);
		};
/* End PBXProject section */

/* Begin PBXResourcesBuildPhase section */
		21B9DC652928EFDA00B91867 /* Resources */ = {
			isa = PBXResourcesBuildPhase;
			buildActionMask = 2147483647;
			files = (
				21B9DC772928EFDB00B91867 /* LaunchScreen.storyboard in Resources */,
				21B9DC742928EFDB00B91867 /* Assets.xcassets in Resources */,
				21B9DC722928EFDA00B91867 /* Main.storyboard in Resources */,
			);
			runOnlyForDeploymentPostprocessing = 0;
		};
		21B9DC7B2928EFDB00B91867 /* Resources */ = {
			isa = PBXResourcesBuildPhase;
			buildActionMask = 2147483647;
			files = (
			);
			runOnlyForDeploymentPostprocessing = 0;
		};
		21B9DC852928EFDB00B91867 /* Resources */ = {
			isa = PBXResourcesBuildPhase;
			buildActionMask = 2147483647;
			files = (
			);
			runOnlyForDeploymentPostprocessing = 0;
		};
/* End PBXResourcesBuildPhase section */

/* Begin PBXSourcesBuildPhase section */
		21B9DC632928EFDA00B91867 /* Sources */ = {
			isa = PBXSourcesBuildPhase;
			buildActionMask = 2147483647;
			files = (
				21B9DC6F2928EFDA00B91867 /* ViewController.swift in Sources */,
				21B9DC6B2928EFDA00B91867 /* AppDelegate.swift in Sources */,
				21B9DC6D2928EFDA00B91867 /* SceneDelegate.swift in Sources */,
			);
			runOnlyForDeploymentPostprocessing = 0;
		};
		21B9DC792928EFDB00B91867 /* Sources */ = {
			isa = PBXSourcesBuildPhase;
			buildActionMask = 2147483647;
			files = (
				21B9DC822928EFDB00B91867 /* StringConversionDemoTests.swift in Sources */,
			);
			runOnlyForDeploymentPostprocessing = 0;
		};
		21B9DC832928EFDB00B91867 /* Sources */ = {
			isa = PBXSourcesBuildPhase;
			buildActionMask = 2147483647;
			files = (
				21B9DC8E2928EFDB00B91867 /* StringConversionDemoUITestsLaunchTests.swift in Sources */,
				21B9DC8C2928EFDB00B91867 /* StringConversionDemoUITests.swift in Sources */,
			);
			runOnlyForDeploymentPostprocessing = 0;
		};
/* End PBXSourcesBuildPhase section */

/* Begin PBXTargetDependency section */
		21B9DC7F2928EFDB00B91867 /* PBXTargetDependency */ = {
			isa = PBXTargetDependency;
			target = 21B9DC662928EFDA00B91867 /* StringConversionDemo */;
			targetProxy = 21B9DC7E2928EFDB00B91867 /* PBXContainerItemProxy */;
		};
		21B9DC892928EFDB00B91867 /* PBXTargetDependency */ = {
			isa = PBXTargetDependency;
			target = 21B9DC662928EFDA00B91867 /* StringConversionDemo */;
			targetProxy = 21B9DC882928EFDB00B91867 /* PBXContainerItemProxy */;
		};
/* End PBXTargetDependency section */

/* Begin PBXVariantGroup section */
		21B9DC702928EFDA00B91867 /* Main.storyboard */ = {
			isa = PBXVariantGroup;
			children = (
				21B9DC712928EFDA00B91867 /* Base */,
			);
			name = Main.storyboard;
			sourceTree = "<group>";
		};
		21B9DC752928EFDB00B91867 /* LaunchScreen.storyboard */ = {
			isa = PBXVariantGroup;
			children = (
				21B9DC762928EFDB00B91867 /* Base */,
			);
			name = LaunchScreen.storyboard;
			sourceTree = "<group>";
		};
/* End PBXVariantGroup section */

/* Begin XCBuildConfiguration section */
		21B9DC8F2928EFDB00B91867 /* Debug */ = {
			isa = XCBuildConfiguration;
			buildSettings = {
				ALWAYS_SEARCH_USER_PATHS = NO;
				CLANG_ANALYZER_NONNULL = YES;
				CLANG_ANALYZER_NUMBER_OBJECT_CONVERSION = YES_AGGRESSIVE;
				CLANG_CXX_LANGUAGE_STANDARD = "gnu++20";
				CLANG_ENABLE_MODULES = YES;
				CLANG_ENABLE_OBJC_ARC = YES;
				CLANG_ENABLE_OBJC_WEAK = YES;
				CLANG_WARN_BLOCK_CAPTURE_AUTORELEASING = YES;
				CLANG_WARN_BOOL_CONVERSION = YES;
				CLANG_WARN_COMMA = YES;
				CLANG_WARN_CONSTANT_CONVERSION = YES;
				CLANG_WARN_DEPRECATED_OBJC_IMPLEMENTATIONS = YES;
				CLANG_WARN_DIRECT_OBJC_ISA_USAGE = YES_ERROR;
				CLANG_WARN_DOCUMENTATION_COMMENTS = YES;
				CLANG_WARN_EMPTY_BODY = YES;
				CLANG_WARN_ENUM_CONVERSION = YES;
				CLANG_WARN_INFINITE_RECURSION = YES;
				CLANG_WARN_INT_CONVERSION = YES;
				CLANG_WARN_NON_LITERAL_NULL_CONVERSION = YES;
				CLANG_WARN_OBJC_IMPLICIT_RETAIN_SELF = YES;
				CLANG_WARN_OBJC_LITERAL_CONVERSION = YES;
				CLANG_WARN_OBJC_ROOT_CLASS = YES_ERROR;
				CLANG_WARN_QUOTED_INCLUDE_IN_FRAMEWORK_HEADER = YES;
				CLANG_WARN_RANGE_LOOP_ANALYSIS = YES;
				CLANG_WARN_STRICT_PROTOTYPES = YES;
				CLANG_WARN_SUSPICIOUS_MOVE = YES;
				CLANG_WARN_UNGUARDED_AVAILABILITY = YES_AGGRESSIVE;
				CLANG_WARN_UNREACHABLE_CODE = YES;
				CLANG_WARN__DUPLICATE_METHOD_MATCH = YES;
				COPY_PHASE_STRIP = NO;
				DEBUG_INFORMATION_FORMAT = dwarf;
				ENABLE_STRICT_OBJC_MSGSEND = YES;
				ENABLE_TESTABILITY = YES;
				GCC_C_LANGUAGE_STANDARD = gnu11;
				GCC_DYNAMIC_NO_PIC = NO;
				GCC_NO_COMMON_BLOCKS = YES;
				GCC_OPTIMIZATION_LEVEL = 0;
				GCC_PREPROCESSOR_DEFINITIONS = (
					"DEBUG=1",
					"$(inherited)",
				);
				GCC_WARN_64_TO_32_BIT_CONVERSION = YES;
				GCC_WARN_ABOUT_RETURN_TYPE = YES_ERROR;
				GCC_WARN_UNDECLARED_SELECTOR = YES;
				GCC_WARN_UNINITIALIZED_AUTOS = YES_AGGRESSIVE;
				GCC_WARN_UNUSED_FUNCTION = YES;
				GCC_WARN_UNUSED_VARIABLE = YES;
				IPHONEOS_DEPLOYMENT_TARGET = 16.1;
				MTL_ENABLE_DEBUG_INFO = INCLUDE_SOURCE;
				MTL_FAST_MATH = YES;
				ONLY_ACTIVE_ARCH = YES;
				SDKROOT = iphoneos;
				SWIFT_ACTIVE_COMPILATION_CONDITIONS = DEBUG;
				SWIFT_OPTIMIZATION_LEVEL = "-Onone";
			};
			name = Debug;
		};
		21B9DC902928EFDB00B91867 /* Release */ = {
			isa = XCBuildConfiguration;
			buildSettings = {
				ALWAYS_SEARCH_USER_PATHS = NO;
				CLANG_ANALYZER_NONNULL = YES;
				CLANG_ANALYZER_NUMBER_OBJECT_CONVERSION = YES_AGGRESSIVE;
				CLANG_CXX_LANGUAGE_STANDARD = "gnu++20";
				CLANG_ENABLE_MODULES = YES;
				CLANG_ENABLE_OBJC_ARC = YES;
				CLANG_ENABLE_OBJC_WEAK = YES;
				CLANG_WARN_BLOCK_CAPTURE_AUTORELEASING = YES;
				CLANG_WARN_BOOL_CONVERSION = YES;
				CLANG_WARN_COMMA = YES;
				CLANG_WARN_CONSTANT_CONVERSION = YES;
				CLANG_WARN_DEPRECATED_OBJC_IMPLEMENTATIONS = YES;
				CLANG_WARN_DIRECT_OBJC_ISA_USAGE = YES_ERROR;
				CLANG_WARN_DOCUMENTATION_COMMENTS = YES;
				CLANG_WARN_EMPTY_BODY = YES;
				CLANG_WARN_ENUM_CONVERSION = YES;
				CLANG_WARN_INFINITE_RECURSION = YES;
				CLANG_WARN_INT_CONVERSION = YES;
				CLANG_WARN_NON_LITERAL_NULL_CONVERSION = YES;
				CLANG_WARN_OBJC_IMPLICIT_RETAIN_SELF = YES;
				CLANG_WARN_OBJC_LITERAL_CONVERSION = YES;
				CLANG_WARN_OBJC_ROOT_CLASS = YES_ERROR;
				CLANG_WARN_QUOTED_INCLUDE_IN_FRAMEWORK_HEADER = YES;
				CLANG_WARN_RANGE_LOOP_ANALYSIS = YES;
				CLANG_WARN_STRICT_PROTOTYPES = YES;
				CLANG_WARN_SUSPICIOUS_MOVE = YES;
				CLANG_WARN_UNGUARDED_AVAILABILITY = YES_AGGRESSIVE;
				CLANG_WARN_UNREACHABLE_CODE = YES;
				CLANG_WARN__DUPLICATE_METHOD_MATCH = YES;
				COPY_PHASE_STRIP = NO;
				DEBUG_INFORMATION_FORMAT = "dwarf-with-dsym";
				ENABLE_NS_ASSERTIONS = NO;
				ENABLE_STRICT_OBJC_MSGSEND = YES;
				GCC_C_LANGUAGE_STANDARD = gnu11;
				GCC_NO_COMMON_BLOCKS = YES;
				GCC_WARN_64_TO_32_BIT_CONVERSION = YES;
				GCC_WARN_ABOUT_RETURN_TYPE = YES_ERROR;
				GCC_WARN_UNDECLARED_SELECTOR = YES;
				GCC_WARN_UNINITIALIZED_AUTOS = YES_AGGRESSIVE;
				GCC_WARN_UNUSED_FUNCTION = YES;
				GCC_WARN_UNUSED_VARIABLE = YES;
				IPHONEOS_DEPLOYMENT_TARGET = 16.1;
				MTL_ENABLE_DEBUG_INFO = NO;
				MTL_FAST_MATH = YES;
				SDKROOT = iphoneos;
				SWIFT_COMPILATION_MODE = wholemodule;
				SWIFT_OPTIMIZATION_LEVEL = "-O";
				VALIDATE_PRODUCT = YES;
			};
			name = Release;
		};
		21B9DC922928EFDB00B91867 /* Debug */ = {
			isa = XCBuildConfiguration;
			buildSettings = {
				ASSETCATALOG_COMPILER_APPICON_NAME = AppIcon;
				ASSETCATALOG_COMPILER_GLOBAL_ACCENT_COLOR_NAME = AccentColor;
				CODE_SIGN_STYLE = Automatic;
				CURRENT_PROJECT_VERSION = 1;
				GENERATE_INFOPLIST_FILE = YES;
				INFOPLIST_FILE = StringConversionDemo/Info.plist;
				INFOPLIST_KEY_UIApplicationSupportsIndirectInputEvents = YES;
				INFOPLIST_KEY_UILaunchStoryboardName = LaunchScreen;
				INFOPLIST_KEY_UIMainStoryboardFile = Main;
				INFOPLIST_KEY_UISupportedInterfaceOrientations_iPad = "UIInterfaceOrientationPortrait UIInterfaceOrientationPortraitUpsideDown UIInterfaceOrientationLandscapeLeft UIInterfaceOrientationLandscapeRight";
				INFOPLIST_KEY_UISupportedInterfaceOrientations_iPhone = "UIInterfaceOrientationPortrait UIInterfaceOrientationLandscapeLeft UIInterfaceOrientationLandscapeRight";
				LD_RUNPATH_SEARCH_PATHS = (
					"$(inherited)",
					"@executable_path/Frameworks",
				);
				MARKETING_VERSION = 1.0;
				PRODUCT_BUNDLE_IDENTIFIER = com.clevertap.StringConversionDemo;
				PRODUCT_NAME = "$(TARGET_NAME)";
				SWIFT_EMIT_LOC_STRINGS = YES;
				SWIFT_VERSION = 5.0;
				TARGETED_DEVICE_FAMILY = "1,2";
			};
			name = Debug;
		};
		21B9DC932928EFDB00B91867 /* Release */ = {
			isa = XCBuildConfiguration;
			buildSettings = {
				ASSETCATALOG_COMPILER_APPICON_NAME = AppIcon;
				ASSETCATALOG_COMPILER_GLOBAL_ACCENT_COLOR_NAME = AccentColor;
				CODE_SIGN_STYLE = Automatic;
				CURRENT_PROJECT_VERSION = 1;
				GENERATE_INFOPLIST_FILE = YES;
				INFOPLIST_FILE = StringConversionDemo/Info.plist;
				INFOPLIST_KEY_UIApplicationSupportsIndirectInputEvents = YES;
				INFOPLIST_KEY_UILaunchStoryboardName = LaunchScreen;
				INFOPLIST_KEY_UIMainStoryboardFile = Main;
				INFOPLIST_KEY_UISupportedInterfaceOrientations_iPad = "UIInterfaceOrientationPortrait UIInterfaceOrientationPortraitUpsideDown UIInterfaceOrientationLandscapeLeft UIInterfaceOrientationLandscapeRight";
				INFOPLIST_KEY_UISupportedInterfaceOrientations_iPhone = "UIInterfaceOrientationPortrait UIInterfaceOrientationLandscapeLeft UIInterfaceOrientationLandscapeRight";
				LD_RUNPATH_SEARCH_PATHS = (
					"$(inherited)",
					"@executable_path/Frameworks",
				);
				MARKETING_VERSION = 1.0;
				PRODUCT_BUNDLE_IDENTIFIER = com.clevertap.StringConversionDemo;
				PRODUCT_NAME = "$(TARGET_NAME)";
				SWIFT_EMIT_LOC_STRINGS = YES;
				SWIFT_VERSION = 5.0;
				TARGETED_DEVICE_FAMILY = "1,2";
			};
			name = Release;
		};
		21B9DC952928EFDB00B91867 /* Debug */ = {
			isa = XCBuildConfiguration;
			buildSettings = {
				ALWAYS_EMBED_SWIFT_STANDARD_LIBRARIES = YES;
				BUNDLE_LOADER = "$(TEST_HOST)";
				CODE_SIGN_STYLE = Automatic;
				CURRENT_PROJECT_VERSION = 1;
				GENERATE_INFOPLIST_FILE = YES;
				IPHONEOS_DEPLOYMENT_TARGET = 16.1;
				MARKETING_VERSION = 1.0;
				PRODUCT_BUNDLE_IDENTIFIER = com.clevertap.StringConversionDemoTests;
				PRODUCT_NAME = "$(TARGET_NAME)";
				SWIFT_EMIT_LOC_STRINGS = NO;
				SWIFT_VERSION = 5.0;
				TARGETED_DEVICE_FAMILY = "1,2";
				TEST_HOST = "$(BUILT_PRODUCTS_DIR)/StringConversionDemo.app/$(BUNDLE_EXECUTABLE_FOLDER_PATH)/StringConversionDemo";
			};
			name = Debug;
		};
		21B9DC962928EFDB00B91867 /* Release */ = {
			isa = XCBuildConfiguration;
			buildSettings = {
				ALWAYS_EMBED_SWIFT_STANDARD_LIBRARIES = YES;
				BUNDLE_LOADER = "$(TEST_HOST)";
				CODE_SIGN_STYLE = Automatic;
				CURRENT_PROJECT_VERSION = 1;
				GENERATE_INFOPLIST_FILE = YES;
				IPHONEOS_DEPLOYMENT_TARGET = 16.1;
				MARKETING_VERSION = 1.0;
				PRODUCT_BUNDLE_IDENTIFIER = com.clevertap.StringConversionDemoTests;
				PRODUCT_NAME = "$(TARGET_NAME)";
				SWIFT_EMIT_LOC_STRINGS = NO;
				SWIFT_VERSION = 5.0;
				TARGETED_DEVICE_FAMILY = "1,2";
				TEST_HOST = "$(BUILT_PRODUCTS_DIR)/StringConversionDemo.app/$(BUNDLE_EXECUTABLE_FOLDER_PATH)/StringConversionDemo";
			};
			name = Release;
		};
		21B9DC982928EFDB00B91867 /* Debug */ = {
			isa = XCBuildConfiguration;
			buildSettings = {
				ALWAYS_EMBED_SWIFT_STANDARD_LIBRARIES = YES;
				CODE_SIGN_STYLE = Automatic;
				CURRENT_PROJECT_VERSION = 1;
				GENERATE_INFOPLIST_FILE = YES;
				MARKETING_VERSION = 1.0;
				PRODUCT_BUNDLE_IDENTIFIER = com.clevertap.StringConversionDemoUITests;
				PRODUCT_NAME = "$(TARGET_NAME)";
				SWIFT_EMIT_LOC_STRINGS = NO;
				SWIFT_VERSION = 5.0;
				TARGETED_DEVICE_FAMILY = "1,2";
				TEST_TARGET_NAME = StringConversionDemo;
			};
			name = Debug;
		};
		21B9DC992928EFDB00B91867 /* Release */ = {
			isa = XCBuildConfiguration;
			buildSettings = {
				ALWAYS_EMBED_SWIFT_STANDARD_LIBRARIES = YES;
				CODE_SIGN_STYLE = Automatic;
				CURRENT_PROJECT_VERSION = 1;
				GENERATE_INFOPLIST_FILE = YES;
				MARKETING_VERSION = 1.0;
				PRODUCT_BUNDLE_IDENTIFIER = com.clevertap.StringConversionDemoUITests;
				PRODUCT_NAME = "$(TARGET_NAME)";
				SWIFT_EMIT_LOC_STRINGS = NO;
				SWIFT_VERSION = 5.0;
				TARGETED_DEVICE_FAMILY = "1,2";
				TEST_TARGET_NAME = StringConversionDemo;
			};
			name = Release;
		};
/* End XCBuildConfiguration section */

/* Begin XCConfigurationList section */
		21B9DC622928EFDA00B91867 /* Build configuration list for PBXProject "StringConversionDemo" */ = {
			isa = XCConfigurationList;
			buildConfigurations = (
				21B9DC8F2928EFDB00B91867 /* Debug */,
				21B9DC902928EFDB00B91867 /* Release */,
			);
			defaultConfigurationIsVisible = 0;
			defaultConfigurationName = Release;
		};
		21B9DC912928EFDB00B91867 /* Build configuration list for PBXNativeTarget "StringConversionDemo" */ = {
			isa = XCConfigurationList;
			buildConfigurations = (
				21B9DC922928EFDB00B91867 /* Debug */,
				21B9DC932928EFDB00B91867 /* Release */,
			);
			defaultConfigurationIsVisible = 0;
			defaultConfigurationName = Release;
		};
		21B9DC942928EFDB00B91867 /* Build configuration list for PBXNativeTarget "StringConversionDemoTests" */ = {
			isa = XCConfigurationList;
			buildConfigurations = (
				21B9DC952928EFDB00B91867 /* Debug */,
				21B9DC962928EFDB00B91867 /* Release */,
			);
			defaultConfigurationIsVisible = 0;
			defaultConfigurationName = Release;
		};
		21B9DC972928EFDB00B91867 /* Build configuration list for PBXNativeTarget "StringConversionDemoUITests" */ = {
			isa = XCConfigurationList;
			buildConfigurations = (
				21B9DC982928EFDB00B91867 /* Debug */,
				21B9DC992928EFDB00B91867 /* Release */,
			);
			defaultConfigurationIsVisible = 0;
			defaultConfigurationName = Release;
		};
/* End XCConfigurationList section */
	};
	rootObject = 21B9DC5F2928EFDA00B91867 /* Project object */;
}
